// !$*UTF8*$!
{
	archiveVersion = 1;
	classes = {
	};
	objectVersion = 55;
	objects = {

/* Begin PBXBuildFile section */
		6D00773528B7CCCC00A21760 /* ApiClient+Live.swift in Sources */ = {isa = PBXBuildFile; fileRef = 6D00773428B7CCCC00A21760 /* ApiClient+Live.swift */; };
		6D00773728B7D07C00A21760 /* CocktailsResponce.swift in Sources */ = {isa = PBXBuildFile; fileRef = 6D00773628B7D07C00A21760 /* CocktailsResponce.swift */; };
		6D04ACED28BA3D8600337A0D /* SearchViewController.swift in Sources */ = {isa = PBXBuildFile; fileRef = 6D04ACEC28BA3D8600337A0D /* SearchViewController.swift */; };
		6D04ACEF28BA3DAE00337A0D /* SearchViewProtocol.swift in Sources */ = {isa = PBXBuildFile; fileRef = 6D04ACEE28BA3DAE00337A0D /* SearchViewProtocol.swift */; };
		6D04ACF228BA3FF600337A0D /* SearchInteractor.swift in Sources */ = {isa = PBXBuildFile; fileRef = 6D04ACF128BA3FF600337A0D /* SearchInteractor.swift */; };
		6D04ACF428BA400B00337A0D /* SearchInteractorProtocol.swift in Sources */ = {isa = PBXBuildFile; fileRef = 6D04ACF328BA400B00337A0D /* SearchInteractorProtocol.swift */; };
		6D04ACF728BA487E00337A0D /* SearchPresenter.swift in Sources */ = {isa = PBXBuildFile; fileRef = 6D04ACF628BA487E00337A0D /* SearchPresenter.swift */; };
		6D04ACF928BA489A00337A0D /* SearchPresenterProtocol.swift in Sources */ = {isa = PBXBuildFile; fileRef = 6D04ACF828BA489A00337A0D /* SearchPresenterProtocol.swift */; };
		6D04ACFC28BA570800337A0D /* SnapKit in Frameworks */ = {isa = PBXBuildFile; productRef = 6D04ACFB28BA570800337A0D /* SnapKit */; };
		6D04ACFF28BA5C2B00337A0D /* ApplicationCoordinator.swift in Sources */ = {isa = PBXBuildFile; fileRef = 6D04ACFE28BA5C2B00337A0D /* ApplicationCoordinator.swift */; };
		6D04AD0128BA5C9900337A0D /* BaseCoordinator.swift in Sources */ = {isa = PBXBuildFile; fileRef = 6D04AD0028BA5C9900337A0D /* BaseCoordinator.swift */; };
		6D04AD0328BA5CA000337A0D /* Coordinator.swift in Sources */ = {isa = PBXBuildFile; fileRef = 6D04AD0228BA5CA000337A0D /* Coordinator.swift */; };
		6D04AD0728BA5DC500337A0D /* Router.swift in Sources */ = {isa = PBXBuildFile; fileRef = 6D04AD0628BA5DC500337A0D /* Router.swift */; };
		6D04AD0928BA5DD600337A0D /* RouterProtocol.swift in Sources */ = {isa = PBXBuildFile; fileRef = 6D04AD0828BA5DD600337A0D /* RouterProtocol.swift */; };
		6D04AD0D28BA601B00337A0D /* UIViewController+toPresent.swift in Sources */ = {isa = PBXBuildFile; fileRef = 6D04AD0C28BA601B00337A0D /* UIViewController+toPresent.swift */; };
		6D04AD0F28BA636400337A0D /* SearchCoordinator.swift in Sources */ = {isa = PBXBuildFile; fileRef = 6D04AD0E28BA636400337A0D /* SearchCoordinator.swift */; };
		6D04AD1228BA6D2000337A0D /* SearchViewControllerConstants.swift in Sources */ = {isa = PBXBuildFile; fileRef = 6D04AD1128BA6D2000337A0D /* SearchViewControllerConstants.swift */; };
		6D22488328B77B730069B49F /* AppDelegate.swift in Sources */ = {isa = PBXBuildFile; fileRef = 6D22488228B77B730069B49F /* AppDelegate.swift */; };
		6D22488528B77B730069B49F /* SceneDelegate.swift in Sources */ = {isa = PBXBuildFile; fileRef = 6D22488428B77B730069B49F /* SceneDelegate.swift */; };
		6D22488C28B77B730069B49F /* Assets.xcassets in Resources */ = {isa = PBXBuildFile; fileRef = 6D22488B28B77B730069B49F /* Assets.xcassets */; };
		6D22488F28B77B730069B49F /* LaunchScreen.storyboard in Resources */ = {isa = PBXBuildFile; fileRef = 6D22488D28B77B730069B49F /* LaunchScreen.storyboard */; };
		6D2248B528B780E40069B49F /* Cocktail.swift in Sources */ = {isa = PBXBuildFile; fileRef = 6D2248B428B780E40069B49F /* Cocktail.swift */; };
		6D2248BE28B786330069B49F /* Moya in Frameworks */ = {isa = PBXBuildFile; productRef = 6D2248BD28B786330069B49F /* Moya */; };
		6D2248C028B786A10069B49F /* Api.swift in Sources */ = {isa = PBXBuildFile; fileRef = 6D2248BF28B786A10069B49F /* Api.swift */; };
		6D2248C328B78B5F0069B49F /* ApiClient.swift in Sources */ = {isa = PBXBuildFile; fileRef = 6D2248C228B78B5F0069B49F /* ApiClient.swift */; };
		6D2248C728B7912C0069B49F /* RequestError.swift in Sources */ = {isa = PBXBuildFile; fileRef = 6D2248C628B7912C0069B49F /* RequestError.swift */; };
/* End PBXBuildFile section */

/* Begin PBXContainerItemProxy section */
		6D22489628B77B740069B49F /* PBXContainerItemProxy */ = {
			isa = PBXContainerItemProxy;
			containerPortal = 6D22487728B77B720069B49F /* Project object */;
			proxyType = 1;
			remoteGlobalIDString = 6D22487E28B77B720069B49F;
			remoteInfo = CocktailBar;
		};
		6D2248A028B77B740069B49F /* PBXContainerItemProxy */ = {
			isa = PBXContainerItemProxy;
			containerPortal = 6D22487728B77B720069B49F /* Project object */;
			proxyType = 1;
			remoteGlobalIDString = 6D22487E28B77B720069B49F;
			remoteInfo = CocktailBar;
		};
/* End PBXContainerItemProxy section */

/* Begin PBXFileReference section */
		6D00773428B7CCCC00A21760 /* ApiClient+Live.swift */ = {isa = PBXFileReference; lastKnownFileType = sourcecode.swift; path = "ApiClient+Live.swift"; sourceTree = "<group>"; };
		6D00773628B7D07C00A21760 /* CocktailsResponce.swift */ = {isa = PBXFileReference; lastKnownFileType = sourcecode.swift; path = CocktailsResponce.swift; sourceTree = "<group>"; };
		6D04ACEC28BA3D8600337A0D /* SearchViewController.swift */ = {isa = PBXFileReference; lastKnownFileType = sourcecode.swift; path = SearchViewController.swift; sourceTree = "<group>"; };
		6D04ACEE28BA3DAE00337A0D /* SearchViewProtocol.swift */ = {isa = PBXFileReference; lastKnownFileType = sourcecode.swift; path = SearchViewProtocol.swift; sourceTree = "<group>"; };
		6D04ACF128BA3FF600337A0D /* SearchInteractor.swift */ = {isa = PBXFileReference; lastKnownFileType = sourcecode.swift; path = SearchInteractor.swift; sourceTree = "<group>"; };
		6D04ACF328BA400B00337A0D /* SearchInteractorProtocol.swift */ = {isa = PBXFileReference; lastKnownFileType = sourcecode.swift; path = SearchInteractorProtocol.swift; sourceTree = "<group>"; };
		6D04ACF628BA487E00337A0D /* SearchPresenter.swift */ = {isa = PBXFileReference; lastKnownFileType = sourcecode.swift; path = SearchPresenter.swift; sourceTree = "<group>"; };
		6D04ACF828BA489A00337A0D /* SearchPresenterProtocol.swift */ = {isa = PBXFileReference; lastKnownFileType = sourcecode.swift; path = SearchPresenterProtocol.swift; sourceTree = "<group>"; };
		6D04ACFE28BA5C2B00337A0D /* ApplicationCoordinator.swift */ = {isa = PBXFileReference; lastKnownFileType = sourcecode.swift; path = ApplicationCoordinator.swift; sourceTree = "<group>"; };
		6D04AD0028BA5C9900337A0D /* BaseCoordinator.swift */ = {isa = PBXFileReference; lastKnownFileType = sourcecode.swift; path = BaseCoordinator.swift; sourceTree = "<group>"; };
		6D04AD0228BA5CA000337A0D /* Coordinator.swift */ = {isa = PBXFileReference; lastKnownFileType = sourcecode.swift; path = Coordinator.swift; sourceTree = "<group>"; };
		6D04AD0628BA5DC500337A0D /* Router.swift */ = {isa = PBXFileReference; lastKnownFileType = sourcecode.swift; path = Router.swift; sourceTree = "<group>"; };
		6D04AD0828BA5DD600337A0D /* RouterProtocol.swift */ = {isa = PBXFileReference; lastKnownFileType = sourcecode.swift; path = RouterProtocol.swift; sourceTree = "<group>"; };
		6D04AD0C28BA601B00337A0D /* UIViewController+toPresent.swift */ = {isa = PBXFileReference; lastKnownFileType = sourcecode.swift; path = "UIViewController+toPresent.swift"; sourceTree = "<group>"; };
		6D04AD0E28BA636400337A0D /* SearchCoordinator.swift */ = {isa = PBXFileReference; lastKnownFileType = sourcecode.swift; path = SearchCoordinator.swift; sourceTree = "<group>"; };
		6D04AD1128BA6D2000337A0D /* SearchViewControllerConstants.swift */ = {isa = PBXFileReference; lastKnownFileType = sourcecode.swift; path = SearchViewControllerConstants.swift; sourceTree = "<group>"; };
		6D22487F28B77B730069B49F /* CocktailBar.app */ = {isa = PBXFileReference; explicitFileType = wrapper.application; includeInIndex = 0; path = CocktailBar.app; sourceTree = BUILT_PRODUCTS_DIR; };
		6D22488228B77B730069B49F /* AppDelegate.swift */ = {isa = PBXFileReference; lastKnownFileType = sourcecode.swift; path = AppDelegate.swift; sourceTree = "<group>"; };
		6D22488428B77B730069B49F /* SceneDelegate.swift */ = {isa = PBXFileReference; lastKnownFileType = sourcecode.swift; path = SceneDelegate.swift; sourceTree = "<group>"; };
		6D22488B28B77B730069B49F /* Assets.xcassets */ = {isa = PBXFileReference; lastKnownFileType = folder.assetcatalog; path = Assets.xcassets; sourceTree = "<group>"; };
		6D22488E28B77B730069B49F /* Base */ = {isa = PBXFileReference; lastKnownFileType = file.storyboard; name = Base; path = Base.lproj/LaunchScreen.storyboard; sourceTree = "<group>"; };
		6D22489028B77B730069B49F /* Info.plist */ = {isa = PBXFileReference; lastKnownFileType = text.plist.xml; path = Info.plist; sourceTree = "<group>"; };
		6D22489528B77B740069B49F /* CocktailBarTests.xctest */ = {isa = PBXFileReference; explicitFileType = wrapper.cfbundle; includeInIndex = 0; path = CocktailBarTests.xctest; sourceTree = BUILT_PRODUCTS_DIR; };
		6D22489F28B77B740069B49F /* CocktailBarUITests.xctest */ = {isa = PBXFileReference; explicitFileType = wrapper.cfbundle; includeInIndex = 0; path = CocktailBarUITests.xctest; sourceTree = BUILT_PRODUCTS_DIR; };
		6D2248B428B780E40069B49F /* Cocktail.swift */ = {isa = PBXFileReference; lastKnownFileType = sourcecode.swift; path = Cocktail.swift; sourceTree = "<group>"; };
		6D2248BF28B786A10069B49F /* Api.swift */ = {isa = PBXFileReference; lastKnownFileType = sourcecode.swift; path = Api.swift; sourceTree = "<group>"; };
		6D2248C228B78B5F0069B49F /* ApiClient.swift */ = {isa = PBXFileReference; lastKnownFileType = sourcecode.swift; path = ApiClient.swift; sourceTree = "<group>"; };
		6D2248C628B7912C0069B49F /* RequestError.swift */ = {isa = PBXFileReference; lastKnownFileType = sourcecode.swift; path = RequestError.swift; sourceTree = "<group>"; };
/* End PBXFileReference section */

/* Begin PBXFrameworksBuildPhase section */
		6D22487C28B77B720069B49F /* Frameworks */ = {
			isa = PBXFrameworksBuildPhase;
			buildActionMask = 2147483647;
			files = (
				6D2248BE28B786330069B49F /* Moya in Frameworks */,
				6D04ACFC28BA570800337A0D /* SnapKit in Frameworks */,
			);
			runOnlyForDeploymentPostprocessing = 0;
		};
		6D22489228B77B740069B49F /* Frameworks */ = {
			isa = PBXFrameworksBuildPhase;
			buildActionMask = 2147483647;
			files = (
			);
			runOnlyForDeploymentPostprocessing = 0;
		};
		6D22489C28B77B740069B49F /* Frameworks */ = {
			isa = PBXFrameworksBuildPhase;
			buildActionMask = 2147483647;
			files = (
			);
			runOnlyForDeploymentPostprocessing = 0;
		};
/* End PBXFrameworksBuildPhase section */

/* Begin PBXGroup section */
		6D04ACE828BA36F400337A0D /* SearchModule */ = {
			isa = PBXGroup;
			children = (
				6D04AD1028BA696200337A0D /* Coordinator */,
				6D04ACEA28BA39C500337A0D /* Search */,
			);
			path = SearchModule;
			sourceTree = "<group>";
		};
		6D04ACE928BA375900337A0D /* Resources */ = {
			isa = PBXGroup;
			children = (
				6D22488B28B77B730069B49F /* Assets.xcassets */,
			);
			path = Resources;
			sourceTree = "<group>";
		};
		6D04ACEA28BA39C500337A0D /* Search */ = {
			isa = PBXGroup;
			children = (
				6D04ACF028BA3FDB00337A0D /* Interactor */,
				6D04ACF528BA485200337A0D /* Presenter */,
				6D04ACEB28BA3D6A00337A0D /* View */,
			);
			path = Search;
			sourceTree = "<group>";
		};
		6D04ACEB28BA3D6A00337A0D /* View */ = {
			isa = PBXGroup;
			children = (
				6D04ACEC28BA3D8600337A0D /* SearchViewController.swift */,
				6D04AD1128BA6D2000337A0D /* SearchViewControllerConstants.swift */,
				6D04ACEE28BA3DAE00337A0D /* SearchViewProtocol.swift */,
			);
			path = View;
			sourceTree = "<group>";
		};
		6D04ACF028BA3FDB00337A0D /* Interactor */ = {
			isa = PBXGroup;
			children = (
				6D04ACF128BA3FF600337A0D /* SearchInteractor.swift */,
				6D04ACF328BA400B00337A0D /* SearchInteractorProtocol.swift */,
			);
			path = Interactor;
			sourceTree = "<group>";
		};
		6D04ACF528BA485200337A0D /* Presenter */ = {
			isa = PBXGroup;
			children = (
				6D04ACF628BA487E00337A0D /* SearchPresenter.swift */,
				6D04ACF828BA489A00337A0D /* SearchPresenterProtocol.swift */,
			);
			path = Presenter;
			sourceTree = "<group>";
		};
		6D04ACFD28BA5BA400337A0D /* Coordinator */ = {
			isa = PBXGroup;
			children = (
				6D04ACFE28BA5C2B00337A0D /* ApplicationCoordinator.swift */,
				6D04AD0028BA5C9900337A0D /* BaseCoordinator.swift */,
				6D04AD0228BA5CA000337A0D /* Coordinator.swift */,
			);
			path = Coordinator;
			sourceTree = "<group>";
		};
		6D04AD0528BA5DB400337A0D /* Router */ = {
			isa = PBXGroup;
			children = (
				6D04AD0628BA5DC500337A0D /* Router.swift */,
				6D04AD0828BA5DD600337A0D /* RouterProtocol.swift */,
			);
			path = Router;
			sourceTree = "<group>";
		};
		6D04AD0A28BA5EC000337A0D /* Storyboards */ = {
			isa = PBXGroup;
			children = (
				6D22488D28B77B730069B49F /* LaunchScreen.storyboard */,
			);
			path = Storyboards;
			sourceTree = "<group>";
		};
		6D04AD0B28BA5F2400337A0D /* SwiftHelpers */ = {
			isa = PBXGroup;
			children = (
				6D04AD0C28BA601B00337A0D /* UIViewController+toPresent.swift */,
			);
			path = SwiftHelpers;
			sourceTree = "<group>";
		};
		6D04AD1028BA696200337A0D /* Coordinator */ = {
			isa = PBXGroup;
			children = (
				6D04AD0E28BA636400337A0D /* SearchCoordinator.swift */,
			);
			path = Coordinator;
			sourceTree = "<group>";
		};
		6D22487628B77B720069B49F = {
			isa = PBXGroup;
			children = (
				6D22488128B77B730069B49F /* CocktailBar */,
				6D22488028B77B730069B49F /* Products */,
			);
			sourceTree = "<group>";
		};
		6D22488028B77B730069B49F /* Products */ = {
			isa = PBXGroup;
			children = (
				6D22487F28B77B730069B49F /* CocktailBar.app */,
				6D22489528B77B740069B49F /* CocktailBarTests.xctest */,
				6D22489F28B77B740069B49F /* CocktailBarUITests.xctest */,
			);
			name = Products;
			sourceTree = "<group>";
		};
		6D22488128B77B730069B49F /* CocktailBar */ = {
			isa = PBXGroup;
			children = (
				6D22488228B77B730069B49F /* AppDelegate.swift */,
				6D22488428B77B730069B49F /* SceneDelegate.swift */,
				6D04ACFD28BA5BA400337A0D /* Coordinator */,
				6D2248B328B77E7C0069B49F /* Entities */,
				6D04ACE828BA36F400337A0D /* SearchModule */,
				6D04ACE928BA375900337A0D /* Resources */,
				6D04AD0528BA5DB400337A0D /* Router */,
				6D2248B228B77E6A0069B49F /* Services */,
				6D04AD0A28BA5EC000337A0D /* Storyboards */,
				6D04AD0B28BA5F2400337A0D /* SwiftHelpers */,
				6D22489028B77B730069B49F /* Info.plist */,
			);
			path = CocktailBar;
			sourceTree = "<group>";
		};
		6D2248B228B77E6A0069B49F /* Services */ = {
			isa = PBXGroup;
			children = (
				6D2248B728B782D60069B49F /* Network */,
			);
			path = Services;
			sourceTree = "<group>";
		};
		6D2248B328B77E7C0069B49F /* Entities */ = {
			isa = PBXGroup;
			children = (
				6D2248B428B780E40069B49F /* Cocktail.swift */,
			);
			path = Entities;
			sourceTree = "<group>";
		};
		6D2248B728B782D60069B49F /* Network */ = {
			isa = PBXGroup;
			children = (
				6D2248B928B782F80069B49F /* ApiClient */,
				6D2248B828B782EA0069B49F /* Errors */,
				6D2248BA28B784430069B49F /* Models */,
			);
			path = Network;
			sourceTree = "<group>";
		};
		6D2248B828B782EA0069B49F /* Errors */ = {
			isa = PBXGroup;
			children = (
				6D2248C628B7912C0069B49F /* RequestError.swift */,
			);
			path = Errors;
			sourceTree = "<group>";
		};
		6D2248B928B782F80069B49F /* ApiClient */ = {
			isa = PBXGroup;
			children = (
				6D2248BF28B786A10069B49F /* Api.swift */,
				6D2248C228B78B5F0069B49F /* ApiClient.swift */,
				6D00773428B7CCCC00A21760 /* ApiClient+Live.swift */,
			);
			path = ApiClient;
			sourceTree = "<group>";
		};
		6D2248BA28B784430069B49F /* Models */ = {
			isa = PBXGroup;
			children = (
				6D00773628B7D07C00A21760 /* CocktailsResponce.swift */,
			);
			path = Models;
			sourceTree = "<group>";
		};
/* End PBXGroup section */

/* Begin PBXNativeTarget section */
		6D22487E28B77B720069B49F /* CocktailBar */ = {
			isa = PBXNativeTarget;
			buildConfigurationList = 6D2248A928B77B740069B49F /* Build configuration list for PBXNativeTarget "CocktailBar" */;
			buildPhases = (
				6D22487B28B77B720069B49F /* Sources */,
				6D22487C28B77B720069B49F /* Frameworks */,
				6D22487D28B77B720069B49F /* Resources */,
			);
			buildRules = (
			);
			dependencies = (
			);
			name = CocktailBar;
			packageProductDependencies = (
				6D2248BD28B786330069B49F /* Moya */,
				6D04ACFB28BA570800337A0D /* SnapKit */,
			);
			productName = CocktailBar;
			productReference = 6D22487F28B77B730069B49F /* CocktailBar.app */;
			productType = "com.apple.product-type.application";
		};
		6D22489428B77B740069B49F /* CocktailBarTests */ = {
			isa = PBXNativeTarget;
			buildConfigurationList = 6D2248AC28B77B740069B49F /* Build configuration list for PBXNativeTarget "CocktailBarTests" */;
			buildPhases = (
				6D22489128B77B740069B49F /* Sources */,
				6D22489228B77B740069B49F /* Frameworks */,
				6D22489328B77B740069B49F /* Resources */,
			);
			buildRules = (
			);
			dependencies = (
				6D22489728B77B740069B49F /* PBXTargetDependency */,
			);
			name = CocktailBarTests;
			productName = CocktailBarTests;
			productReference = 6D22489528B77B740069B49F /* CocktailBarTests.xctest */;
			productType = "com.apple.product-type.bundle.unit-test";
		};
		6D22489E28B77B740069B49F /* CocktailBarUITests */ = {
			isa = PBXNativeTarget;
			buildConfigurationList = 6D2248AF28B77B740069B49F /* Build configuration list for PBXNativeTarget "CocktailBarUITests" */;
			buildPhases = (
				6D22489B28B77B740069B49F /* Sources */,
				6D22489C28B77B740069B49F /* Frameworks */,
				6D22489D28B77B740069B49F /* Resources */,
			);
			buildRules = (
			);
			dependencies = (
				6D2248A128B77B740069B49F /* PBXTargetDependency */,
			);
			name = CocktailBarUITests;
			productName = CocktailBarUITests;
			productReference = 6D22489F28B77B740069B49F /* CocktailBarUITests.xctest */;
			productType = "com.apple.product-type.bundle.ui-testing";
		};
/* End PBXNativeTarget section */

/* Begin PBXProject section */
		6D22487728B77B720069B49F /* Project object */ = {
			isa = PBXProject;
			attributes = {
				BuildIndependentTargetsInParallel = 1;
				LastSwiftUpdateCheck = 1340;
				LastUpgradeCheck = 1340;
				TargetAttributes = {
					6D22487E28B77B720069B49F = {
						CreatedOnToolsVersion = 13.4.1;
					};
					6D22489428B77B740069B49F = {
						CreatedOnToolsVersion = 13.4.1;
						TestTargetID = 6D22487E28B77B720069B49F;
					};
					6D22489E28B77B740069B49F = {
						CreatedOnToolsVersion = 13.4.1;
						TestTargetID = 6D22487E28B77B720069B49F;
					};
				};
			};
			buildConfigurationList = 6D22487A28B77B720069B49F /* Build configuration list for PBXProject "CocktailBar" */;
			compatibilityVersion = "Xcode 13.0";
			developmentRegion = en;
			hasScannedForEncodings = 0;
			knownRegions = (
				en,
				Base,
			);
			mainGroup = 6D22487628B77B720069B49F;
			packageReferences = (
				6D2248BC28B786330069B49F /* XCRemoteSwiftPackageReference "Moya" */,
				6D04ACFA28BA570800337A0D /* XCRemoteSwiftPackageReference "SnapKit" */,
			);
			productRefGroup = 6D22488028B77B730069B49F /* Products */;
			projectDirPath = "";
			projectRoot = "";
			targets = (
				6D22487E28B77B720069B49F /* CocktailBar */,
				6D22489428B77B740069B49F /* CocktailBarTests */,
				6D22489E28B77B740069B49F /* CocktailBarUITests */,
			);
		};
/* End PBXProject section */

/* Begin PBXResourcesBuildPhase section */
		6D22487D28B77B720069B49F /* Resources */ = {
			isa = PBXResourcesBuildPhase;
			buildActionMask = 2147483647;
			files = (
				6D22488F28B77B730069B49F /* LaunchScreen.storyboard in Resources */,
				6D22488C28B77B730069B49F /* Assets.xcassets in Resources */,
			);
			runOnlyForDeploymentPostprocessing = 0;
		};
		6D22489328B77B740069B49F /* Resources */ = {
			isa = PBXResourcesBuildPhase;
			buildActionMask = 2147483647;
			files = (
			);
			runOnlyForDeploymentPostprocessing = 0;
		};
		6D22489D28B77B740069B49F /* Resources */ = {
			isa = PBXResourcesBuildPhase;
			buildActionMask = 2147483647;
			files = (
			);
			runOnlyForDeploymentPostprocessing = 0;
		};
/* End PBXResourcesBuildPhase section */

/* Begin PBXSourcesBuildPhase section */
		6D22487B28B77B720069B49F /* Sources */ = {
			isa = PBXSourcesBuildPhase;
			buildActionMask = 2147483647;
			files = (
				6D04ACF428BA400B00337A0D /* SearchInteractorProtocol.swift in Sources */,
				6D04ACEF28BA3DAE00337A0D /* SearchViewProtocol.swift in Sources */,
				6D22488328B77B730069B49F /* AppDelegate.swift in Sources */,
				6D22488528B77B730069B49F /* SceneDelegate.swift in Sources */,
				6D04AD1228BA6D2000337A0D /* SearchViewControllerConstants.swift in Sources */,
				6D04AD0728BA5DC500337A0D /* Router.swift in Sources */,
				6D00773728B7D07C00A21760 /* CocktailsResponce.swift in Sources */,
				6D04ACFF28BA5C2B00337A0D /* ApplicationCoordinator.swift in Sources */,
				6D04AD0928BA5DD600337A0D /* RouterProtocol.swift in Sources */,
				6D04ACED28BA3D8600337A0D /* SearchViewController.swift in Sources */,
				6D04ACF928BA489A00337A0D /* SearchPresenterProtocol.swift in Sources */,
				6D2248C728B7912C0069B49F /* RequestError.swift in Sources */,
				6D00773528B7CCCC00A21760 /* ApiClient+Live.swift in Sources */,
				6D04AD0328BA5CA000337A0D /* Coordinator.swift in Sources */,
				6D04AD0F28BA636400337A0D /* SearchCoordinator.swift in Sources */,
				6D04ACF228BA3FF600337A0D /* SearchInteractor.swift in Sources */,
				6D04AD0D28BA601B00337A0D /* UIViewController+toPresent.swift in Sources */,
				6D04ACF728BA487E00337A0D /* SearchPresenter.swift in Sources */,
				6D2248C028B786A10069B49F /* Api.swift in Sources */,
				6D2248B528B780E40069B49F /* Cocktail.swift in Sources */,
				6D2248C328B78B5F0069B49F /* ApiClient.swift in Sources */,
				6D04AD0128BA5C9900337A0D /* BaseCoordinator.swift in Sources */,
			);
			runOnlyForDeploymentPostprocessing = 0;
		};
		6D22489128B77B740069B49F /* Sources */ = {
			isa = PBXSourcesBuildPhase;
			buildActionMask = 2147483647;
			files = (
			);
			runOnlyForDeploymentPostprocessing = 0;
		};
		6D22489B28B77B740069B49F /* Sources */ = {
			isa = PBXSourcesBuildPhase;
			buildActionMask = 2147483647;
			files = (
			);
			runOnlyForDeploymentPostprocessing = 0;
		};
/* End PBXSourcesBuildPhase section */

/* Begin PBXTargetDependency section */
		6D22489728B77B740069B49F /* PBXTargetDependency */ = {
			isa = PBXTargetDependency;
			target = 6D22487E28B77B720069B49F /* CocktailBar */;
			targetProxy = 6D22489628B77B740069B49F /* PBXContainerItemProxy */;
		};
		6D2248A128B77B740069B49F /* PBXTargetDependency */ = {
			isa = PBXTargetDependency;
			target = 6D22487E28B77B720069B49F /* CocktailBar */;
			targetProxy = 6D2248A028B77B740069B49F /* PBXContainerItemProxy */;
		};
/* End PBXTargetDependency section */

/* Begin PBXVariantGroup section */
		6D22488D28B77B730069B49F /* LaunchScreen.storyboard */ = {
			isa = PBXVariantGroup;
			children = (
				6D22488E28B77B730069B49F /* Base */,
			);
			name = LaunchScreen.storyboard;
			sourceTree = "<group>";
		};
/* End PBXVariantGroup section */

/* Begin XCBuildConfiguration section */
		6D2248A728B77B740069B49F /* Debug */ = {
			isa = XCBuildConfiguration;
			buildSettings = {
				ALWAYS_SEARCH_USER_PATHS = NO;
				CLANG_ANALYZER_NONNULL = YES;
				CLANG_ANALYZER_NUMBER_OBJECT_CONVERSION = YES_AGGRESSIVE;
				CLANG_CXX_LANGUAGE_STANDARD = "gnu++17";
				CLANG_ENABLE_MODULES = YES;
				CLANG_ENABLE_OBJC_ARC = YES;
				CLANG_ENABLE_OBJC_WEAK = YES;
				CLANG_WARN_BLOCK_CAPTURE_AUTORELEASING = YES;
				CLANG_WARN_BOOL_CONVERSION = YES;
				CLANG_WARN_COMMA = YES;
				CLANG_WARN_CONSTANT_CONVERSION = YES;
				CLANG_WARN_DEPRECATED_OBJC_IMPLEMENTATIONS = YES;
				CLANG_WARN_DIRECT_OBJC_ISA_USAGE = YES_ERROR;
				CLANG_WARN_DOCUMENTATION_COMMENTS = YES;
				CLANG_WARN_EMPTY_BODY = YES;
				CLANG_WARN_ENUM_CONVERSION = YES;
				CLANG_WARN_INFINITE_RECURSION = YES;
				CLANG_WARN_INT_CONVERSION = YES;
				CLANG_WARN_NON_LITERAL_NULL_CONVERSION = YES;
				CLANG_WARN_OBJC_IMPLICIT_RETAIN_SELF = YES;
				CLANG_WARN_OBJC_LITERAL_CONVERSION = YES;
				CLANG_WARN_OBJC_ROOT_CLASS = YES_ERROR;
				CLANG_WARN_QUOTED_INCLUDE_IN_FRAMEWORK_HEADER = YES;
				CLANG_WARN_RANGE_LOOP_ANALYSIS = YES;
				CLANG_WARN_STRICT_PROTOTYPES = YES;
				CLANG_WARN_SUSPICIOUS_MOVE = YES;
				CLANG_WARN_UNGUARDED_AVAILABILITY = YES_AGGRESSIVE;
				CLANG_WARN_UNREACHABLE_CODE = YES;
				CLANG_WARN__DUPLICATE_METHOD_MATCH = YES;
				COPY_PHASE_STRIP = NO;
				DEBUG_INFORMATION_FORMAT = dwarf;
				ENABLE_STRICT_OBJC_MSGSEND = YES;
				ENABLE_TESTABILITY = YES;
				GCC_C_LANGUAGE_STANDARD = gnu11;
				GCC_DYNAMIC_NO_PIC = NO;
				GCC_NO_COMMON_BLOCKS = YES;
				GCC_OPTIMIZATION_LEVEL = 0;
				GCC_PREPROCESSOR_DEFINITIONS = (
					"DEBUG=1",
					"$(inherited)",
				);
				GCC_WARN_64_TO_32_BIT_CONVERSION = YES;
				GCC_WARN_ABOUT_RETURN_TYPE = YES_ERROR;
				GCC_WARN_UNDECLARED_SELECTOR = YES;
				GCC_WARN_UNINITIALIZED_AUTOS = YES_AGGRESSIVE;
				GCC_WARN_UNUSED_FUNCTION = YES;
				GCC_WARN_UNUSED_VARIABLE = YES;
				IPHONEOS_DEPLOYMENT_TARGET = 15.5;
				MTL_ENABLE_DEBUG_INFO = INCLUDE_SOURCE;
				MTL_FAST_MATH = YES;
				ONLY_ACTIVE_ARCH = YES;
				SDKROOT = iphoneos;
				SWIFT_ACTIVE_COMPILATION_CONDITIONS = DEBUG;
				SWIFT_OPTIMIZATION_LEVEL = "-Onone";
			};
			name = Debug;
		};
		6D2248A828B77B740069B49F /* Release */ = {
			isa = XCBuildConfiguration;
			buildSettings = {
				ALWAYS_SEARCH_USER_PATHS = NO;
				CLANG_ANALYZER_NONNULL = YES;
				CLANG_ANALYZER_NUMBER_OBJECT_CONVERSION = YES_AGGRESSIVE;
				CLANG_CXX_LANGUAGE_STANDARD = "gnu++17";
				CLANG_ENABLE_MODULES = YES;
				CLANG_ENABLE_OBJC_ARC = YES;
				CLANG_ENABLE_OBJC_WEAK = YES;
				CLANG_WARN_BLOCK_CAPTURE_AUTORELEASING = YES;
				CLANG_WARN_BOOL_CONVERSION = YES;
				CLANG_WARN_COMMA = YES;
				CLANG_WARN_CONSTANT_CONVERSION = YES;
				CLANG_WARN_DEPRECATED_OBJC_IMPLEMENTATIONS = YES;
				CLANG_WARN_DIRECT_OBJC_ISA_USAGE = YES_ERROR;
				CLANG_WARN_DOCUMENTATION_COMMENTS = YES;
				CLANG_WARN_EMPTY_BODY = YES;
				CLANG_WARN_ENUM_CONVERSION = YES;
				CLANG_WARN_INFINITE_RECURSION = YES;
				CLANG_WARN_INT_CONVERSION = YES;
				CLANG_WARN_NON_LITERAL_NULL_CONVERSION = YES;
				CLANG_WARN_OBJC_IMPLICIT_RETAIN_SELF = YES;
				CLANG_WARN_OBJC_LITERAL_CONVERSION = YES;
				CLANG_WARN_OBJC_ROOT_CLASS = YES_ERROR;
				CLANG_WARN_QUOTED_INCLUDE_IN_FRAMEWORK_HEADER = YES;
				CLANG_WARN_RANGE_LOOP_ANALYSIS = YES;
				CLANG_WARN_STRICT_PROTOTYPES = YES;
				CLANG_WARN_SUSPICIOUS_MOVE = YES;
				CLANG_WARN_UNGUARDED_AVAILABILITY = YES_AGGRESSIVE;
				CLANG_WARN_UNREACHABLE_CODE = YES;
				CLANG_WARN__DUPLICATE_METHOD_MATCH = YES;
				COPY_PHASE_STRIP = NO;
				DEBUG_INFORMATION_FORMAT = "dwarf-with-dsym";
				ENABLE_NS_ASSERTIONS = NO;
				ENABLE_STRICT_OBJC_MSGSEND = YES;
				GCC_C_LANGUAGE_STANDARD = gnu11;
				GCC_NO_COMMON_BLOCKS = YES;
				GCC_WARN_64_TO_32_BIT_CONVERSION = YES;
				GCC_WARN_ABOUT_RETURN_TYPE = YES_ERROR;
				GCC_WARN_UNDECLARED_SELECTOR = YES;
				GCC_WARN_UNINITIALIZED_AUTOS = YES_AGGRESSIVE;
				GCC_WARN_UNUSED_FUNCTION = YES;
				GCC_WARN_UNUSED_VARIABLE = YES;
				IPHONEOS_DEPLOYMENT_TARGET = 15.5;
				MTL_ENABLE_DEBUG_INFO = NO;
				MTL_FAST_MATH = YES;
				SDKROOT = iphoneos;
				SWIFT_COMPILATION_MODE = wholemodule;
				SWIFT_OPTIMIZATION_LEVEL = "-O";
				VALIDATE_PRODUCT = YES;
			};
			name = Release;
		};
		6D2248AA28B77B740069B49F /* Debug */ = {
			isa = XCBuildConfiguration;
			buildSettings = {
				ASSETCATALOG_COMPILER_APPICON_NAME = AppIcon;
				ASSETCATALOG_COMPILER_GLOBAL_ACCENT_COLOR_NAME = AccentColor;
				CODE_SIGN_STYLE = Automatic;
				CURRENT_PROJECT_VERSION = 1;
				GENERATE_INFOPLIST_FILE = YES;
				INFOPLIST_FILE = CocktailBar/Info.plist;
				INFOPLIST_KEY_UIApplicationSupportsIndirectInputEvents = YES;
				INFOPLIST_KEY_UILaunchStoryboardName = LaunchScreen;
				INFOPLIST_KEY_UISupportedInterfaceOrientations_iPad = "UIInterfaceOrientationPortrait UIInterfaceOrientationPortraitUpsideDown UIInterfaceOrientationLandscapeLeft UIInterfaceOrientationLandscapeRight";
				INFOPLIST_KEY_UISupportedInterfaceOrientations_iPhone = "UIInterfaceOrientationPortrait UIInterfaceOrientationLandscapeLeft UIInterfaceOrientationLandscapeRight";
				LD_RUNPATH_SEARCH_PATHS = (
					"$(inherited)",
					"@executable_path/Frameworks",
				);
				MARKETING_VERSION = 1.0;
				PRODUCT_BUNDLE_IDENTIFIER = "ujin-jhon-mail.ru.CocktailBar";
				PRODUCT_NAME = "$(TARGET_NAME)";
				SWIFT_EMIT_LOC_STRINGS = YES;
				SWIFT_VERSION = 5.0;
				TARGETED_DEVICE_FAMILY = "1,2";
			};
			name = Debug;
		};
		6D2248AB28B77B740069B49F /* Release */ = {
			isa = XCBuildConfiguration;
			buildSettings = {
				ASSETCATALOG_COMPILER_APPICON_NAME = AppIcon;
				ASSETCATALOG_COMPILER_GLOBAL_ACCENT_COLOR_NAME = AccentColor;
				CODE_SIGN_STYLE = Automatic;
				CURRENT_PROJECT_VERSION = 1;
				GENERATE_INFOPLIST_FILE = YES;
				INFOPLIST_FILE = CocktailBar/Info.plist;
				INFOPLIST_KEY_UIApplicationSupportsIndirectInputEvents = YES;
				INFOPLIST_KEY_UILaunchStoryboardName = LaunchScreen;
				INFOPLIST_KEY_UISupportedInterfaceOrientations_iPad = "UIInterfaceOrientationPortrait UIInterfaceOrientationPortraitUpsideDown UIInterfaceOrientationLandscapeLeft UIInterfaceOrientationLandscapeRight";
				INFOPLIST_KEY_UISupportedInterfaceOrientations_iPhone = "UIInterfaceOrientationPortrait UIInterfaceOrientationLandscapeLeft UIInterfaceOrientationLandscapeRight";
				LD_RUNPATH_SEARCH_PATHS = (
					"$(inherited)",
					"@executable_path/Frameworks",
				);
				MARKETING_VERSION = 1.0;
				PRODUCT_BUNDLE_IDENTIFIER = "ujin-jhon-mail.ru.CocktailBar";
				PRODUCT_NAME = "$(TARGET_NAME)";
				SWIFT_EMIT_LOC_STRINGS = YES;
				SWIFT_VERSION = 5.0;
				TARGETED_DEVICE_FAMILY = "1,2";
			};
			name = Release;
		};
		6D2248AD28B77B740069B49F /* Debug */ = {
			isa = XCBuildConfiguration;
			buildSettings = {
				ALWAYS_EMBED_SWIFT_STANDARD_LIBRARIES = YES;
				BUNDLE_LOADER = "$(TEST_HOST)";
				CODE_SIGN_STYLE = Automatic;
				CURRENT_PROJECT_VERSION = 1;
				GENERATE_INFOPLIST_FILE = YES;
				IPHONEOS_DEPLOYMENT_TARGET = 15.5;
				MARKETING_VERSION = 1.0;
				PRODUCT_BUNDLE_IDENTIFIER = "ujin-jhon-mail.ru.CocktailBarTests";
				PRODUCT_NAME = "$(TARGET_NAME)";
				SWIFT_EMIT_LOC_STRINGS = NO;
				SWIFT_VERSION = 5.0;
				TARGETED_DEVICE_FAMILY = "1,2";
				TEST_HOST = "$(BUILT_PRODUCTS_DIR)/CocktailBar.app/CocktailBar";
			};
			name = Debug;
		};
		6D2248AE28B77B740069B49F /* Release */ = {
			isa = XCBuildConfiguration;
			buildSettings = {
				ALWAYS_EMBED_SWIFT_STANDARD_LIBRARIES = YES;
				BUNDLE_LOADER = "$(TEST_HOST)";
				CODE_SIGN_STYLE = Automatic;
				CURRENT_PROJECT_VERSION = 1;
				GENERATE_INFOPLIST_FILE = YES;
				IPHONEOS_DEPLOYMENT_TARGET = 15.5;
				MARKETING_VERSION = 1.0;
				PRODUCT_BUNDLE_IDENTIFIER = "ujin-jhon-mail.ru.CocktailBarTests";
				PRODUCT_NAME = "$(TARGET_NAME)";
				SWIFT_EMIT_LOC_STRINGS = NO;
				SWIFT_VERSION = 5.0;
				TARGETED_DEVICE_FAMILY = "1,2";
				TEST_HOST = "$(BUILT_PRODUCTS_DIR)/CocktailBar.app/CocktailBar";
			};
			name = Release;
		};
		6D2248B028B77B740069B49F /* Debug */ = {
			isa = XCBuildConfiguration;
			buildSettings = {
				ALWAYS_EMBED_SWIFT_STANDARD_LIBRARIES = YES;
				CODE_SIGN_STYLE = Automatic;
				CURRENT_PROJECT_VERSION = 1;
				GENERATE_INFOPLIST_FILE = YES;
				MARKETING_VERSION = 1.0;
				PRODUCT_BUNDLE_IDENTIFIER = "ujin-jhon-mail.ru.CocktailBarUITests";
				PRODUCT_NAME = "$(TARGET_NAME)";
				SWIFT_EMIT_LOC_STRINGS = NO;
				SWIFT_VERSION = 5.0;
				TARGETED_DEVICE_FAMILY = "1,2";
				TEST_TARGET_NAME = CocktailBar;
			};
			name = Debug;
		};
		6D2248B128B77B740069B49F /* Release */ = {
			isa = XCBuildConfiguration;
			buildSettings = {
				ALWAYS_EMBED_SWIFT_STANDARD_LIBRARIES = YES;
				CODE_SIGN_STYLE = Automatic;
				CURRENT_PROJECT_VERSION = 1;
				GENERATE_INFOPLIST_FILE = YES;
				MARKETING_VERSION = 1.0;
				PRODUCT_BUNDLE_IDENTIFIER = "ujin-jhon-mail.ru.CocktailBarUITests";
				PRODUCT_NAME = "$(TARGET_NAME)";
				SWIFT_EMIT_LOC_STRINGS = NO;
				SWIFT_VERSION = 5.0;
				TARGETED_DEVICE_FAMILY = "1,2";
				TEST_TARGET_NAME = CocktailBar;
			};
			name = Release;
		};
/* End XCBuildConfiguration section */

/* Begin XCConfigurationList section */
		6D22487A28B77B720069B49F /* Build configuration list for PBXProject "CocktailBar" */ = {
			isa = XCConfigurationList;
			buildConfigurations = (
				6D2248A728B77B740069B49F /* Debug */,
				6D2248A828B77B740069B49F /* Release */,
			);
			defaultConfigurationIsVisible = 0;
			defaultConfigurationName = Release;
		};
		6D2248A928B77B740069B49F /* Build configuration list for PBXNativeTarget "CocktailBar" */ = {
			isa = XCConfigurationList;
			buildConfigurations = (
				6D2248AA28B77B740069B49F /* Debug */,
				6D2248AB28B77B740069B49F /* Release */,
			);
			defaultConfigurationIsVisible = 0;
			defaultConfigurationName = Release;
		};
		6D2248AC28B77B740069B49F /* Build configuration list for PBXNativeTarget "CocktailBarTests" */ = {
			isa = XCConfigurationList;
			buildConfigurations = (
				6D2248AD28B77B740069B49F /* Debug */,
				6D2248AE28B77B740069B49F /* Release */,
			);
			defaultConfigurationIsVisible = 0;
			defaultConfigurationName = Release;
		};
		6D2248AF28B77B740069B49F /* Build configuration list for PBXNativeTarget "CocktailBarUITests" */ = {
			isa = XCConfigurationList;
			buildConfigurations = (
				6D2248B028B77B740069B49F /* Debug */,
				6D2248B128B77B740069B49F /* Release */,
			);
			defaultConfigurationIsVisible = 0;
			defaultConfigurationName = Release;
		};
/* End XCConfigurationList section */

/* Begin XCRemoteSwiftPackageReference section */
		6D04ACFA28BA570800337A0D /* XCRemoteSwiftPackageReference "SnapKit" */ = {
			isa = XCRemoteSwiftPackageReference;
			repositoryURL = "https://github.com/SnapKit/SnapKit.git";
			requirement = {
				branch = develop;
				kind = branch;
			};
		};
		6D2248BC28B786330069B49F /* XCRemoteSwiftPackageReference "Moya" */ = {
			isa = XCRemoteSwiftPackageReference;
			repositoryURL = "https://github.com/Moya/Moya.git";
			requirement = {
				branch = master;
				kind = branch;
			};
		};
/* End XCRemoteSwiftPackageReference section */

/* Begin XCSwiftPackageProductDependency section */
		6D04ACFB28BA570800337A0D /* SnapKit */ = {
			isa = XCSwiftPackageProductDependency;
			package = 6D04ACFA28BA570800337A0D /* XCRemoteSwiftPackageReference "SnapKit" */;
			productName = SnapKit;
		};
		6D2248BD28B786330069B49F /* Moya */ = {
			isa = XCSwiftPackageProductDependency;
			package = 6D2248BC28B786330069B49F /* XCRemoteSwiftPackageReference "Moya" */;
			productName = Moya;
		};
/* End XCSwiftPackageProductDependency section */
	};
	rootObject = 6D22487728B77B720069B49F /* Project object */;
}
